#MicroXplorer Configuration settings - do not modify
Mcu.Family=STM32F1
ProjectManager.MainLocation=Core/Src
RCC.MCOFreq_Value=16000000
PCC.Series=STM32F1
PA6.Mode=Full_Duplex_Master
ProjectManager.KeepUserCode=true
SPI1.VirtualType=VM_MASTER
Mcu.UserName=STM32F103C8Tx
PCC.Seq0.Step0.CPU_Frequency=8 MHz
PCC.Seq0.Step0.User's_Consumption=0 mA
RCC.PLLCLKFreq_Value=16000000
ProjectManager.functionlistsort=1-MX_GPIO_Init-GPIO-false-HAL-true,2-SystemClock_Config-RCC-false-HAL-false,3-MX_SPI1_Init-SPI1-false-HAL-true,4-MX_USART1_UART_Init-USART1-false-HAL-true,5-MX_TIM4_Init-TIM4-false-HAL-true,6-MX_TIM3_Init-TIM3-false-HAL-true
RCC.ADCFreqValue=4000000
PB0.GPIO_Label=SPI1_RST
PB6.GPIO_Label=Servo
USART1.IPParameters=VirtualMode
PCC.Seq0.Step1.Duration=0.9 ms
PinOutPanel.RotationAngle=-270
RCC.SYSCLKSource=RCC_SYSCLKSOURCE_PLLCLK
ProjectManager.StackSize=0x400
PD1-OSC_OUT.Signal=RCC_OSC_OUT
Mcu.IP4=SYS
RCC.FCLKCortexFreq_Value=8000000
Mcu.IP5=TIM3
I2C1.IPParameters=I2C_Mode
NVIC.SVCall_IRQn=true\:0\:0\:false\:false\:true\:false\:false
Mcu.IP2=RCC
PCC.Seq0.Step1.Oscillator=Regulator_LP
Mcu.IP3=SPI1
Mcu.IP0=I2C1
PB4.GPIOParameters=GPIO_Label
Mcu.IP1=NVIC
PCC.PartNumber=STM32F103C8Tx
Mcu.UserConstants=
Mcu.ThirdPartyNb=0
SPI1.Direction=SPI_DIRECTION_2LINES
RCC.HCLKFreq_Value=8000000
Mcu.IPNb=8
ProjectManager.PreviousToolchain=
RCC.APB2TimFreq_Value=8000000
TIM3.Period=999
TIM4.Pulse-PWM\ Generation1\ CH1=5
PB6.Signal=S_TIM4_CH1
PCC.Seq0.Step1.TaMax=105
SPI1.CalculateBaudRate=62.5 KBits/s
Mcu.Pin6=PB0
Mcu.Pin7=PA9
Mcu.Pin8=PA10
Mcu.Pin9=PA13
PCC.Seq0.Step1.Category=In DS Table
RCC.AHBFreq_Value=8000000
Mcu.Pin0=PD0-OSC_IN
Mcu.Pin1=PD1-OSC_OUT
TIM3.Channel-PWM\ Generation1\ CH1=TIM_CHANNEL_1
GPIO.groupedBy=Group By Peripherals
Mcu.Pin2=PA4
Mcu.Pin3=PA5
Mcu.Pin4=PA6
Mcu.Pin5=PA7
ProjectManager.ProjectBuild=false
NVIC.UsageFault_IRQn=true\:0\:0\:false\:false\:true\:false\:false
NVIC.DebugMonitor_IRQn=true\:0\:0\:false\:false\:true\:false\:false
PCC.Seq0.Step1.Vdd=3.3
PA4.Locked=true
PCC.Seq0.Step0.Voltage_Source=Battery
PCC.Seq0.Step0.DMIPS=10.0
NVIC.SysTick_IRQn=true\:0\:0\:false\:false\:true\:false\:true
ProjectManager.FirmwarePackage=STM32Cube FW_F1 V1.8.2
MxDb.Version=DB.6.0.0
PB0.GPIOParameters=GPIO_Label
ProjectManager.BackupPrevious=false
PA14.Mode=Serial_Wire
TIM3.Prescaler=7
File.Version=6
NVIC.PendSV_IRQn=true\:0\:0\:false\:false\:true\:false\:false
SH.S_TIM3_CH1.0=TIM3_CH1,PWM Generation1 CH1
TIM4.Period=199
PB6.GPIOParameters=GPIO_Label
ProjectManager.HalAssertFull=false
PB0.Locked=true
ProjectManager.ProjectName=RFID_Access_control
TIM3.OCPolarity_1=TIM_OCPOLARITY_HIGH
RCC.PLLMCOFreq_Value=8000000
PCC.Seq0.Step0.Oscillator=HSE
Mcu.Package=LQFP48
PB9.Signal=I2C1_SDA
PA6.Signal=SPI1_MISO
ProjectManager.ToolChainLocation=
PCC.Seq0.Step1.Average_Current=14 \u00B5A
VP_SYS_VS_Systick.Signal=SYS_VS_Systick
PA10.Signal=USART1_RX
PCC.Checker=false
PCC.Seq0.Step0.Duration=0.1 ms
PCC.Seq0.Step1.DMIPS=0.0
SH.S_TIM4_CH1.0=TIM4_CH1,PWM Generation1 CH1
RCC.APB1TimFreq_Value=8000000
NVIC.BusFault_IRQn=true\:0\:0\:false\:false\:true\:false\:false
PCC.Seq0.Step0.Peripherals=SPI1
SPI1.BaudRatePrescaler=SPI_BAUDRATEPRESCALER_128
PCC.Seq0.Step1.Mode=STOP
PA4.GPIO_Label=SPI1_NSS
ProjectManager.CustomerFirmwarePackage=
VP_TIM3_VS_ClockSourceINT.Mode=Internal
PB4.Signal=S_TIM3_CH1
PA5.Mode=Full_Duplex_Master
PCC.Seq0.Step1.CPU_Frequency=0 Hz
PCC.Seq0.Step1.Memory=n/a
RCC.PLLSourceVirtual=RCC_PLLSOURCE_HSE
TIM4.Channel-PWM\ Generation1\ CH1=TIM_CHANNEL_1
PCC.Seq0.Step0.Category=In DS Table
SH.S_TIM4_CH1.ConfNb=1
ProjectManager.ProjectFileName=RFID_Access_control.ioc
TIM4.AutoReloadPreload=TIM_AUTORELOAD_PRELOAD_ENABLE
PA7.Mode=Full_Duplex_Master
PD1-OSC_OUT.Mode=HSE-External-Oscillator
Mcu.PinsNb=18
PA10.Mode=Asynchronous
PCC.Seq0.Step0.Average_Current=4.64 mA
PCC.Vdd=3.3
TIM3.AutoReloadPreload=TIM_AUTORELOAD_PRELOAD_ENABLE
ProjectManager.NoMain=false
SPI1.IPParameters=VirtualType,Mode,Direction,CalculateBaudRate,CLKPhase,BaudRatePrescaler
ProjectManager.DefaultFWLocation=true
SPI1.CLKPhase=SPI_PHASE_2EDGE
PD0-OSC_IN.Signal=RCC_OSC_IN
ProjectManager.DeletePrevious=true
PCC.Line=STM32F103
RCC.APB1CLKDivider=RCC_HCLK_DIV2
RCC.FamilyName=M
PA13.Signal=SYS_JTMS-SWDIO
PCC.Seq0.Step0.TaMax=104.16
PCC.MCU=STM32F103C(8-B)Tx
PA9.Mode=Asynchronous
VP_TIM4_VS_ClockSourceINT.Signal=TIM4_VS_ClockSourceINT
ProjectManager.TargetToolchain=STM32CubeIDE
TIM4.IPParameters=Channel-PWM Generation1 CH1,Period,Prescaler,Pulse-PWM Generation1 CH1,AutoReloadPreload,OCPolarity_1
PCC.Seq0.Step1.User's_Consumption=0 mA
I2C1.I2C_Mode=I2C_Fast
PCC.Seq0.Step0.Mode=RUN
PB9.Mode=I2C
PA9.Signal=USART1_TX
ProjectManager.RegisterCallBack=
RCC.USBFreq_Value=16000000
VP_TIM3_VS_ClockSourceINT.Signal=TIM3_VS_ClockSourceINT
TIM4.Prescaler=799
PD0-OSC_IN.Mode=HSE-External-Oscillator
PA5.Signal=SPI1_SCK
board=custom
PCC.Temperature=25
ProjectManager.LastFirmware=true
RCC.VCOOutput2Freq_Value=8000000
RCC.APB2Freq_Value=8000000
PCC.Seq0.Step0.Frequency=8 MHz
PCC.Seq0.Step0.Vcore=No Scale
MxCube.Version=6.0.1
PB4.GPIO_Label=Buzzer
SPI1.Mode=SPI_MODE_MASTER
VP_SYS_VS_Systick.Mode=SysTick
TIM3.IPParameters=Channel-PWM Generation1 CH1,Prescaler,Period,AutoReloadPreload,OCPolarity_1
NVIC.NonMaskableInt_IRQn=true\:0\:0\:false\:false\:true\:false\:false
RCC.AHBCLKDivider=RCC_SYSCLK_DIV2
PA4.GPIOParameters=GPIO_Label
PA13.Mode=Serial_Wire
ProjectManager.FreePins=false
RCC.IPParameters=ADCFreqValue,AHBCLKDivider,AHBFreq_Value,APB1CLKDivider,APB1Freq_Value,APB1TimFreq_Value,APB2Freq_Value,APB2TimFreq_Value,FCLKCortexFreq_Value,FamilyName,HCLKFreq_Value,MCOFreq_Value,PLLCLKFreq_Value,PLLMCOFreq_Value,PLLSourceVirtual,SYSCLKFreq_VALUE,SYSCLKSource,TimSysFreq_Value,USBFreq_Value,VCOOutput2Freq_Value
ProjectManager.AskForMigrate=true
Mcu.Name=STM32F103C(8-B)Tx
TIM4.OCPolarity_1=TIM_OCPOLARITY_HIGH
ProjectManager.UnderRoot=true
Mcu.IP6=TIM4
Mcu.IP7=USART1
ProjectManager.CoupleFile=true
PCC.Seq0.Step0.Memory=FLASH
PA4.Signal=GPIO_Output
RCC.SYSCLKFreq_VALUE=16000000
RCC.TimSysFreq_Value=8000000
NVIC.ForceEnableDMAVector=true
KeepUserPlacement=false
NVIC.MemoryManagement_IRQn=true\:0\:0\:false\:false\:true\:false\:false
USART1.VirtualMode=VM_ASYNC
ProjectManager.CompilerOptimize=6
PA14.Signal=SYS_JTCK-SWCLK
ProjectManager.HeapSize=0x200
Mcu.Pin15=VP_SYS_VS_Systick
NVIC.HardFault_IRQn=true\:0\:0\:false\:false\:true\:false\:false
Mcu.Pin16=VP_TIM3_VS_ClockSourceINT
Mcu.Pin13=PB8
Mcu.Pin14=PB9
SH.S_TIM3_CH1.ConfNb=1
ProjectManager.ComputerToolchain=false
Mcu.Pin17=VP_TIM4_VS_ClockSourceINT
PCC.Seq0.Step1.Frequency=0 Hz
VP_TIM4_VS_ClockSourceINT.Mode=Internal
NVIC.PriorityGroup=NVIC_PRIORITYGROUP_4
Mcu.Pin11=PB4
Mcu.Pin12=PB6
PB8.Mode=I2C
Mcu.Pin10=PA14
PCC.Seq0.Step1.Peripherals=
PB8.Signal=I2C1_SCL
PCC.Seq0.Step1.Vcore=No Scale
PCC.Seq0.Step1.Voltage_Source=Battery
PCC.Seq0.Step0.Vdd=3.3
PCC.Seq0=2
RCC.APB1Freq_Value=4000000
PB0.Signal=GPIO_Output
ProjectManager.DeviceId=STM32F103C8Tx
ProjectManager.LibraryCopy=1
PA7.Signal=SPI1_MOSI
isbadioc=false
